
Microsoft Visual Studio Solution File, Format Version 12.00
# Visual Studio Version 16
VisualStudioVersion = 16.0.31624.102
MinimumVisualStudioVersion = 10.0.40219.1
Project("{8BC9CEB8-8B4A-11D0-8D11-00A0C91BC942}") = "Queen2Part2", "Queen2Part2\Queen2Part2.vcxproj", "{BDEE954C-CD10-45E9-99DA-EA8021F4141F}"
EndProject
Global
	GlobalSection(SolutionConfigurationPlatforms) = preSolution
		Debug|x64 = Debug|x64
		Debug|x86 = Debug|x86
		Release|x64 = Release|x64
		Release|x86 = Release|x86
	EndGlobalSection
	GlobalSection(ProjectConfigurationPlatforms) = postSolution
		{BDEE954C-CD10-45E9-99DA-EA8021F4141F}.Debug|x64.ActiveCfg = Debug|x64
		{BDEE954C-CD10-45E9-99DA-EA8021F4141F}.Debug|x64.Build.0 = Debug|x64
		{BDEE954C-CD10-45E9-99DA-EA8021F4141F}.Debug|x86.ActiveCfg = Debug|Win32
		{BDEE954C-CD10-45E9-99DA-EA8021F4141F}.Debug|x86.Build.0 = Debug|Win32
		{BDEE954C-CD10-45E9-99DA-EA8021F4141F}.Release|x64.ActiveCfg = Release|x64
		{BDEE954C-CD10-45E9-99DA-EA8021F4141F}.Release|x64.Build.0 = Release|x64
		{BDEE954C-CD10-45E9-99DA-EA8021F4141F}.Release|x86.ActiveCfg = Release|Win32
		{BDEE954C-CD10-45E9-99DA-EA8021F4141F}.Release|x86.Build.0 = Release|Win32
	EndGlobalSection
	GlobalSection(SolutionProperties) = preSolution
		HideSolutionNode = FALSE
	EndGlobalSection
	GlobalSection(ExtensibilityGlobals) = postSolution
		SolutionGuid = {AADF36B0-4E05-4C7D-BFE1-7DEB2FA5B161}
	EndGlobalSection
EndGlobal
